
Microsoft Visual Studio Solution File, Format Version 12.00
# Visual Studio Version 16
VisualStudioVersion = 16.0.33801.447
MinimumVisualStudioVersion = 10.0.40219.1
Project("{FAE04EC0-301F-11D3-BF4B-00C04F79EFBC}") = "Accounting Assignment", "Accounting Assignment\Accounting Assignment.csproj", "{5E489215-3C33-414B-9761-4C7638A9C628}"
EndProject
Global
	GlobalSection(SolutionConfigurationPlatforms) = preSolution
		Debug|Any CPU = Debug|Any CPU
		Release|Any CPU = Release|Any CPU
	EndGlobalSection
	GlobalSection(ProjectConfigurationPlatforms) = postSolution
		{5E489215-3C33-414B-9761-4C7638A9C628}.Debug|Any CPU.ActiveCfg = Debug|Any CPU
		{5E489215-3C33-414B-9761-4C7638A9C628}.Debug|Any CPU.Build.0 = Debug|Any CPU
		{5E489215-3C33-414B-9761-4C7638A9C628}.Release|Any CPU.ActiveCfg = Release|Any CPU
		{5E489215-3C33-414B-9761-4C7638A9C628}.Release|Any CPU.Build.0 = Release|Any CPU
	EndGlobalSection
	GlobalSection(SolutionProperties) = preSolution
		HideSolutionNode = FALSE
	EndGlobalSection
	GlobalSection(ExtensibilityGlobals) = postSolution
		SolutionGuid = {71CF76BF-07A4-4572-8214-789274BED15E}
	EndGlobalSection
EndGlobal
